
Microsoft Visual Studio Solution File, Format Version 12.00
# Visual Studio Version 16
VisualStudioVersion = 16.0.31129.286
MinimumVisualStudioVersion = 10.0.40219.1
Project("{8BC9CEB8-8B4A-11D0-8D11-00A0C91BC942}") = "SubStringMiddle", "SubStringMiddle.vcxproj", "{88002F35-0DF6-4D9D-BE35-7C90C750CFFB}"
EndProject
Global
	GlobalSection(SolutionConfigurationPlatforms) = preSolution
		Debug|x64 = Debug|x64
		Debug|x86 = Debug|x86
		Release|x64 = Release|x64
		Release|x86 = Release|x86
	EndGlobalSection
	GlobalSection(ProjectConfigurationPlatforms) = postSolution
		{88002F35-0DF6-4D9D-BE35-7C90C750CFFB}.Debug|x64.ActiveCfg = Debug|x64
		{88002F35-0DF6-4D9D-BE35-7C90C750CFFB}.Debug|x64.Build.0 = Debug|x64
		{88002F35-0DF6-4D9D-BE35-7C90C750CFFB}.Debug|x86.ActiveCfg = Debug|Win32
		{88002F35-0DF6-4D9D-BE35-7C90C750CFFB}.Debug|x86.Build.0 = Debug|Win32
		{88002F35-0DF6-4D9D-BE35-7C90C750CFFB}.Release|x64.ActiveCfg = Release|x64
		{88002F35-0DF6-4D9D-BE35-7C90C750CFFB}.Release|x64.Build.0 = Release|x64
		{88002F35-0DF6-4D9D-BE35-7C90C750CFFB}.Release|x86.ActiveCfg = Release|Win32
		{88002F35-0DF6-4D9D-BE35-7C90C750CFFB}.Release|x86.Build.0 = Release|Win32
	EndGlobalSection
	GlobalSection(SolutionProperties) = preSolution
		HideSolutionNode = FALSE
	EndGlobalSection
	GlobalSection(ExtensibilityGlobals) = postSolution
		SolutionGuid = {FBEDD597-ECC6-4640-973B-FACC56C33516}
	EndGlobalSection
EndGlobal
