
Microsoft Visual Studio Solution File, Format Version 12.00
# Visual Studio Version 16
VisualStudioVersion = 16.0.30309.148
MinimumVisualStudioVersion = 10.0.40219.1
Project("{8BC9CEB8-8B4A-11D0-8D11-00A0C91BC942}") = "BitwiseOperators", "BitwiseOperators\BitwiseOperators.vcxproj", "{D1D7795D-E39B-41EC-9474-04B7256F8C9A}"
EndProject
Global
	GlobalSection(SolutionConfigurationPlatforms) = preSolution
		Debug|x64 = Debug|x64
		Debug|x86 = Debug|x86
		Release|x64 = Release|x64
		Release|x86 = Release|x86
	EndGlobalSection
	GlobalSection(ProjectConfigurationPlatforms) = postSolution
		{D1D7795D-E39B-41EC-9474-04B7256F8C9A}.Debug|x64.ActiveCfg = Debug|x64
		{D1D7795D-E39B-41EC-9474-04B7256F8C9A}.Debug|x64.Build.0 = Debug|x64
		{D1D7795D-E39B-41EC-9474-04B7256F8C9A}.Debug|x86.ActiveCfg = Debug|Win32
		{D1D7795D-E39B-41EC-9474-04B7256F8C9A}.Debug|x86.Build.0 = Debug|Win32
		{D1D7795D-E39B-41EC-9474-04B7256F8C9A}.Release|x64.ActiveCfg = Release|x64
		{D1D7795D-E39B-41EC-9474-04B7256F8C9A}.Release|x64.Build.0 = Release|x64
		{D1D7795D-E39B-41EC-9474-04B7256F8C9A}.Release|x86.ActiveCfg = Release|Win32
		{D1D7795D-E39B-41EC-9474-04B7256F8C9A}.Release|x86.Build.0 = Release|Win32
	EndGlobalSection
	GlobalSection(SolutionProperties) = preSolution
		HideSolutionNode = FALSE
	EndGlobalSection
	GlobalSection(ExtensibilityGlobals) = postSolution
		SolutionGuid = {F4F9FB19-2533-4B03-9A33-FF3A3720DB25}
	EndGlobalSection
EndGlobal
