
Microsoft Visual Studio Solution File, Format Version 12.00
# Visual Studio Version 16
VisualStudioVersion = 16.0.31112.23
MinimumVisualStudioVersion = 10.0.40219.1
Project("{8BC9CEB8-8B4A-11D0-8D11-00A0C91BC942}") = "ReadPrintArray", "ReadPrintArray.vcxproj", "{8324D4C4-D504-4B66-AB5A-78703FC598F4}"
EndProject
Global
	GlobalSection(SolutionConfigurationPlatforms) = preSolution
		Debug|x64 = Debug|x64
		Debug|x86 = Debug|x86
		Release|x64 = Release|x64
		Release|x86 = Release|x86
	EndGlobalSection
	GlobalSection(ProjectConfigurationPlatforms) = postSolution
		{8324D4C4-D504-4B66-AB5A-78703FC598F4}.Debug|x64.ActiveCfg = Debug|x64
		{8324D4C4-D504-4B66-AB5A-78703FC598F4}.Debug|x64.Build.0 = Debug|x64
		{8324D4C4-D504-4B66-AB5A-78703FC598F4}.Debug|x86.ActiveCfg = Debug|Win32
		{8324D4C4-D504-4B66-AB5A-78703FC598F4}.Debug|x86.Build.0 = Debug|Win32
		{8324D4C4-D504-4B66-AB5A-78703FC598F4}.Release|x64.ActiveCfg = Release|x64
		{8324D4C4-D504-4B66-AB5A-78703FC598F4}.Release|x64.Build.0 = Release|x64
		{8324D4C4-D504-4B66-AB5A-78703FC598F4}.Release|x86.ActiveCfg = Release|Win32
		{8324D4C4-D504-4B66-AB5A-78703FC598F4}.Release|x86.Build.0 = Release|Win32
	EndGlobalSection
	GlobalSection(SolutionProperties) = preSolution
		HideSolutionNode = FALSE
	EndGlobalSection
	GlobalSection(ExtensibilityGlobals) = postSolution
		SolutionGuid = {C46DD3B5-CB8E-4A6F-BE0E-092579E2241F}
	EndGlobalSection
EndGlobal
