
Microsoft Visual Studio Solution File, Format Version 12.00
# Visual Studio Version 16
VisualStudioVersion = 16.0.31313.79
MinimumVisualStudioVersion = 10.0.40219.1
Project("{8BC9CEB8-8B4A-11D0-8D11-00A0C91BC942}") = "PointerAsAnArray", "PointerAsAnArray.vcxproj", "{80E0E6D5-95A3-4A23-8654-71E1058CCDEB}"
EndProject
Global
	GlobalSection(SolutionConfigurationPlatforms) = preSolution
		Debug|x64 = Debug|x64
		Debug|x86 = Debug|x86
		Release|x64 = Release|x64
		Release|x86 = Release|x86
	EndGlobalSection
	GlobalSection(ProjectConfigurationPlatforms) = postSolution
		{80E0E6D5-95A3-4A23-8654-71E1058CCDEB}.Debug|x64.ActiveCfg = Debug|x64
		{80E0E6D5-95A3-4A23-8654-71E1058CCDEB}.Debug|x64.Build.0 = Debug|x64
		{80E0E6D5-95A3-4A23-8654-71E1058CCDEB}.Debug|x86.ActiveCfg = Debug|Win32
		{80E0E6D5-95A3-4A23-8654-71E1058CCDEB}.Debug|x86.Build.0 = Debug|Win32
		{80E0E6D5-95A3-4A23-8654-71E1058CCDEB}.Release|x64.ActiveCfg = Release|x64
		{80E0E6D5-95A3-4A23-8654-71E1058CCDEB}.Release|x64.Build.0 = Release|x64
		{80E0E6D5-95A3-4A23-8654-71E1058CCDEB}.Release|x86.ActiveCfg = Release|Win32
		{80E0E6D5-95A3-4A23-8654-71E1058CCDEB}.Release|x86.Build.0 = Release|Win32
	EndGlobalSection
	GlobalSection(SolutionProperties) = preSolution
		HideSolutionNode = FALSE
	EndGlobalSection
	GlobalSection(ExtensibilityGlobals) = postSolution
		SolutionGuid = {F8E7588D-407C-4E3E-8F7C-ED2D8EC4D674}
	EndGlobalSection
EndGlobal
