
Microsoft Visual Studio Solution File, Format Version 12.00
# Visual Studio Version 16
VisualStudioVersion = 16.0.31112.23
MinimumVisualStudioVersion = 10.0.40219.1
Project("{8BC9CEB8-8B4A-11D0-8D11-00A0C91BC942}") = "FactorialRecursion", "FactorialRecursion.vcxproj", "{11D96988-5CE7-4C08-986B-D0658CCA48B3}"
EndProject
Global
	GlobalSection(SolutionConfigurationPlatforms) = preSolution
		Debug|x64 = Debug|x64
		Debug|x86 = Debug|x86
		Release|x64 = Release|x64
		Release|x86 = Release|x86
	EndGlobalSection
	GlobalSection(ProjectConfigurationPlatforms) = postSolution
		{11D96988-5CE7-4C08-986B-D0658CCA48B3}.Debug|x64.ActiveCfg = Debug|x64
		{11D96988-5CE7-4C08-986B-D0658CCA48B3}.Debug|x64.Build.0 = Debug|x64
		{11D96988-5CE7-4C08-986B-D0658CCA48B3}.Debug|x86.ActiveCfg = Debug|Win32
		{11D96988-5CE7-4C08-986B-D0658CCA48B3}.Debug|x86.Build.0 = Debug|Win32
		{11D96988-5CE7-4C08-986B-D0658CCA48B3}.Release|x64.ActiveCfg = Release|x64
		{11D96988-5CE7-4C08-986B-D0658CCA48B3}.Release|x64.Build.0 = Release|x64
		{11D96988-5CE7-4C08-986B-D0658CCA48B3}.Release|x86.ActiveCfg = Release|Win32
		{11D96988-5CE7-4C08-986B-D0658CCA48B3}.Release|x86.Build.0 = Release|Win32
	EndGlobalSection
	GlobalSection(SolutionProperties) = preSolution
		HideSolutionNode = FALSE
	EndGlobalSection
	GlobalSection(ExtensibilityGlobals) = postSolution
		SolutionGuid = {3C4432EF-895A-4A59-AB48-1B77F5DEF429}
	EndGlobalSection
EndGlobal
